{
  "requires": true,
  "lockfileVersion": 1,
  "dependencies": {
    "html-entities": {
      "version": "2.0.4",
      "resolved": "https://registry.npm.taobao.org/html-entities/download/html-entities-2.0.4.tgz?cache=0&other_urls=https%3A%2F%2Fregistry.npm.taobao.org%2Fhtml-entities%2Fdownload%2Fhtml-entities-2.0.4.tgz",
      "integrity": "sha1-QPrfvwpQWf6IelIuguWFgUYUi9M="
    }
  }
}
